
Microsoft Visual Studio Solution File, Format Version 12.00
# Visual Studio Version 17
VisualStudioVersion = 17.13.35825.156 d17.13
MinimumVisualStudioVersion = 10.0.40219.1
Project("{FAE04EC0-301F-11D3-BF4B-00C04F79EFBC}") = "guided6", "guided6\guided6.csproj", "{2B9B2D7C-2306-450E-A6BE-BEEA2E501F71}"
EndProject
Global
	GlobalSection(SolutionConfigurationPlatforms) = preSolution
		Debug|Any CPU = Debug|Any CPU
		Release|Any CPU = Release|Any CPU
	EndGlobalSection
	GlobalSection(ProjectConfigurationPlatforms) = postSolution
		{2B9B2D7C-2306-450E-A6BE-BEEA2E501F71}.Debug|Any CPU.ActiveCfg = Debug|Any CPU
		{2B9B2D7C-2306-450E-A6BE-BEEA2E501F71}.Debug|Any CPU.Build.0 = Debug|Any CPU
		{2B9B2D7C-2306-450E-A6BE-BEEA2E501F71}.Release|Any CPU.ActiveCfg = Release|Any CPU
		{2B9B2D7C-2306-450E-A6BE-BEEA2E501F71}.Release|Any CPU.Build.0 = Release|Any CPU
	EndGlobalSection
	GlobalSection(SolutionProperties) = preSolution
		HideSolutionNode = FALSE
	EndGlobalSection
	GlobalSection(ExtensibilityGlobals) = postSolution
		SolutionGuid = {1DF18963-F69C-4370-9861-65BAF0BC1C0D}
	EndGlobalSection
EndGlobal
