
Microsoft Visual Studio Solution File, Format Version 12.00
# Visual Studio Version 17
VisualStudioVersion = 17.13.35825.156 d17.13
MinimumVisualStudioVersion = 10.0.40219.1
Project("{FAE04EC0-301F-11D3-BF4B-00C04F79EFBC}") = "jurnal6", "jurnal6\jurnal6.csproj", "{2F2D6475-E6F5-4D30-94C1-1C4B95A5B89A}"
EndProject
Global
	GlobalSection(SolutionConfigurationPlatforms) = preSolution
		Debug|Any CPU = Debug|Any CPU
		Release|Any CPU = Release|Any CPU
	EndGlobalSection
	GlobalSection(ProjectConfigurationPlatforms) = postSolution
		{2F2D6475-E6F5-4D30-94C1-1C4B95A5B89A}.Debug|Any CPU.ActiveCfg = Debug|Any CPU
		{2F2D6475-E6F5-4D30-94C1-1C4B95A5B89A}.Debug|Any CPU.Build.0 = Debug|Any CPU
		{2F2D6475-E6F5-4D30-94C1-1C4B95A5B89A}.Release|Any CPU.ActiveCfg = Release|Any CPU
		{2F2D6475-E6F5-4D30-94C1-1C4B95A5B89A}.Release|Any CPU.Build.0 = Release|Any CPU
	EndGlobalSection
	GlobalSection(SolutionProperties) = preSolution
		HideSolutionNode = FALSE
	EndGlobalSection
	GlobalSection(ExtensibilityGlobals) = postSolution
		SolutionGuid = {692B3481-0492-4616-9EBE-FA210AA8C054}
	EndGlobalSection
EndGlobal
