
Microsoft Visual Studio Solution File, Format Version 12.00
# Visual Studio Version 17
VisualStudioVersion = 17.13.35825.156 d17.13
MinimumVisualStudioVersion = 10.0.40219.1
Project("{FAE04EC0-301F-11D3-BF4B-00C04F79EFBC}") = "JURNAL8", "JURNAL8\JURNAL8.csproj", "{6A99B31C-A52C-43D9-ABF9-B9AC3228C8CF}"
EndProject
Global
	GlobalSection(SolutionConfigurationPlatforms) = preSolution
		Debug|Any CPU = Debug|Any CPU
		Release|Any CPU = Release|Any CPU
	EndGlobalSection
	GlobalSection(ProjectConfigurationPlatforms) = postSolution
		{6A99B31C-A52C-43D9-ABF9-B9AC3228C8CF}.Debug|Any CPU.ActiveCfg = Debug|Any CPU
		{6A99B31C-A52C-43D9-ABF9-B9AC3228C8CF}.Debug|Any CPU.Build.0 = Debug|Any CPU
		{6A99B31C-A52C-43D9-ABF9-B9AC3228C8CF}.Release|Any CPU.ActiveCfg = Release|Any CPU
		{6A99B31C-A52C-43D9-ABF9-B9AC3228C8CF}.Release|Any CPU.Build.0 = Release|Any CPU
	EndGlobalSection
	GlobalSection(SolutionProperties) = preSolution
		HideSolutionNode = FALSE
	EndGlobalSection
	GlobalSection(ExtensibilityGlobals) = postSolution
		SolutionGuid = {62796E7B-1DC3-40AA-A83B-1C2D3D495B5D}
	EndGlobalSection
EndGlobal
